
Microsoft Visual Studio Solution File, Format Version 12.00
# Visual Studio Version 17
VisualStudioVersion = 17.0.32112.339
MinimumVisualStudioVersion = 10.0.40219.1
Project("{FAE04EC0-301F-11D3-BF4B-00C04F79EFBC}") = "Dating App", "Dating App\Dating App.csproj", "{7CDAC104-554E-41E3-B8AD-7E0F65408FC8}"
EndProject
Global
	GlobalSection(SolutionConfigurationPlatforms) = preSolution
		Debug|Any CPU = Debug|Any CPU
		Release|Any CPU = Release|Any CPU
	EndGlobalSection
	GlobalSection(ProjectConfigurationPlatforms) = postSolution
		{7CDAC104-554E-41E3-B8AD-7E0F65408FC8}.Debug|Any CPU.ActiveCfg = Debug|Any CPU
		{7CDAC104-554E-41E3-B8AD-7E0F65408FC8}.Debug|Any CPU.Build.0 = Debug|Any CPU
		{7CDAC104-554E-41E3-B8AD-7E0F65408FC8}.Release|Any CPU.ActiveCfg = Release|Any CPU
		{7CDAC104-554E-41E3-B8AD-7E0F65408FC8}.Release|Any CPU.Build.0 = Release|Any CPU
	EndGlobalSection
	GlobalSection(SolutionProperties) = preSolution
		HideSolutionNode = FALSE
	EndGlobalSection
	GlobalSection(ExtensibilityGlobals) = postSolution
		SolutionGuid = {8412E432-02AA-497F-9214-1ECE74CD48D9}
	EndGlobalSection
EndGlobal
